
Microsoft Visual Studio Solution File, Format Version 12.00
# Visual Studio Version 17
VisualStudioVersion = 17.0.31903.59
MinimumVisualStudioVersion = 10.0.40219.1
Project("{2150E333-8FDC-42A3-9474-1A3956D46DE8}") = "source", "source", "{B8EFCA5F-814F-285C-A8CB-F00F14650265}"
EndProject
Project("{FAE04EC0-301F-11D3-BF4B-00C04F79EFBC}") = "Bank.API", "source\Bank.API\Bank.API.csproj", "{FE34AE8C-2EC0-45D0-AF29-442AF2462484}"
EndProject
Project("{FAE04EC0-301F-11D3-BF4B-00C04F79EFBC}") = "Bank.Core", "source\Bank.Core\Bank.Core.csproj", "{0C896B07-2720-47FE-BA70-F5A15453C227}"
EndProject
Project("{FAE04EC0-301F-11D3-BF4B-00C04F79EFBC}") = "Bank.Domain", "source\Bank.Domain\Bank.Domain.csproj", "{83C357CA-9BC4-44B2-A45B-57D0B8E81A73}"
EndProject
Project("{FAE04EC0-301F-11D3-BF4B-00C04F79EFBC}") = "Bank.Infrastructure", "source\Bank.Infrastructure\Bank.Infrastructure.csproj", "{31A02A89-E924-495C-A990-7A69490A9CCE}"
EndProject
Project("{FAE04EC0-301F-11D3-BF4B-00C04F79EFBC}") = "Bank.Services", "source\Bank.Services\Bank.Services.csproj", "{B721EA51-96A8-47C5-9A7F-17271441CCA3}"
EndProject
Global
	GlobalSection(SolutionConfigurationPlatforms) = preSolution
		Debug|Any CPU = Debug|Any CPU
		Debug|x64 = Debug|x64
		Debug|x86 = Debug|x86
		Release|Any CPU = Release|Any CPU
		Release|x64 = Release|x64
		Release|x86 = Release|x86
	EndGlobalSection
	GlobalSection(ProjectConfigurationPlatforms) = postSolution
		{FE34AE8C-2EC0-45D0-AF29-442AF2462484}.Debug|Any CPU.ActiveCfg = Debug|Any CPU
		{FE34AE8C-2EC0-45D0-AF29-442AF2462484}.Debug|Any CPU.Build.0 = Debug|Any CPU
		{FE34AE8C-2EC0-45D0-AF29-442AF2462484}.Debug|x64.ActiveCfg = Debug|Any CPU
		{FE34AE8C-2EC0-45D0-AF29-442AF2462484}.Debug|x64.Build.0 = Debug|Any CPU
		{FE34AE8C-2EC0-45D0-AF29-442AF2462484}.Debug|x86.ActiveCfg = Debug|Any CPU
		{FE34AE8C-2EC0-45D0-AF29-442AF2462484}.Debug|x86.Build.0 = Debug|Any CPU
		{FE34AE8C-2EC0-45D0-AF29-442AF2462484}.Release|Any CPU.ActiveCfg = Release|Any CPU
		{FE34AE8C-2EC0-45D0-AF29-442AF2462484}.Release|Any CPU.Build.0 = Release|Any CPU
		{FE34AE8C-2EC0-45D0-AF29-442AF2462484}.Release|x64.ActiveCfg = Release|Any CPU
		{FE34AE8C-2EC0-45D0-AF29-442AF2462484}.Release|x64.Build.0 = Release|Any CPU
		{FE34AE8C-2EC0-45D0-AF29-442AF2462484}.Release|x86.ActiveCfg = Release|Any CPU
		{FE34AE8C-2EC0-45D0-AF29-442AF2462484}.Release|x86.Build.0 = Release|Any CPU
		{0C896B07-2720-47FE-BA70-F5A15453C227}.Debug|Any CPU.ActiveCfg = Debug|Any CPU
		{0C896B07-2720-47FE-BA70-F5A15453C227}.Debug|Any CPU.Build.0 = Debug|Any CPU
		{0C896B07-2720-47FE-BA70-F5A15453C227}.Debug|x64.ActiveCfg = Debug|Any CPU
		{0C896B07-2720-47FE-BA70-F5A15453C227}.Debug|x64.Build.0 = Debug|Any CPU
		{0C896B07-2720-47FE-BA70-F5A15453C227}.Debug|x86.ActiveCfg = Debug|Any CPU
		{0C896B07-2720-47FE-BA70-F5A15453C227}.Debug|x86.Build.0 = Debug|Any CPU
		{0C896B07-2720-47FE-BA70-F5A15453C227}.Release|Any CPU.ActiveCfg = Release|Any CPU
		{0C896B07-2720-47FE-BA70-F5A15453C227}.Release|Any CPU.Build.0 = Release|Any CPU
		{0C896B07-2720-47FE-BA70-F5A15453C227}.Release|x64.ActiveCfg = Release|Any CPU
		{0C896B07-2720-47FE-BA70-F5A15453C227}.Release|x64.Build.0 = Release|Any CPU
		{0C896B07-2720-47FE-BA70-F5A15453C227}.Release|x86.ActiveCfg = Release|Any CPU
		{0C896B07-2720-47FE-BA70-F5A15453C227}.Release|x86.Build.0 = Release|Any CPU
		{83C357CA-9BC4-44B2-A45B-57D0B8E81A73}.Debug|Any CPU.ActiveCfg = Debug|Any CPU
		{83C357CA-9BC4-44B2-A45B-57D0B8E81A73}.Debug|Any CPU.Build.0 = Debug|Any CPU
		{83C357CA-9BC4-44B2-A45B-57D0B8E81A73}.Debug|x64.ActiveCfg = Debug|Any CPU
		{83C357CA-9BC4-44B2-A45B-57D0B8E81A73}.Debug|x64.Build.0 = Debug|Any CPU
		{83C357CA-9BC4-44B2-A45B-57D0B8E81A73}.Debug|x86.ActiveCfg = Debug|Any CPU
		{83C357CA-9BC4-44B2-A45B-57D0B8E81A73}.Debug|x86.Build.0 = Debug|Any CPU
		{83C357CA-9BC4-44B2-A45B-57D0B8E81A73}.Release|Any CPU.ActiveCfg = Release|Any CPU
		{83C357CA-9BC4-44B2-A45B-57D0B8E81A73}.Release|Any CPU.Build.0 = Release|Any CPU
		{83C357CA-9BC4-44B2-A45B-57D0B8E81A73}.Release|x64.ActiveCfg = Release|Any CPU
		{83C357CA-9BC4-44B2-A45B-57D0B8E81A73}.Release|x64.Build.0 = Release|Any CPU
		{83C357CA-9BC4-44B2-A45B-57D0B8E81A73}.Release|x86.ActiveCfg = Release|Any CPU
		{83C357CA-9BC4-44B2-A45B-57D0B8E81A73}.Release|x86.Build.0 = Release|Any CPU
		{31A02A89-E924-495C-A990-7A69490A9CCE}.Debug|Any CPU.ActiveCfg = Debug|Any CPU
		{31A02A89-E924-495C-A990-7A69490A9CCE}.Debug|Any CPU.Build.0 = Debug|Any CPU
		{31A02A89-E924-495C-A990-7A69490A9CCE}.Debug|x64.ActiveCfg = Debug|Any CPU
		{31A02A89-E924-495C-A990-7A69490A9CCE}.Debug|x64.Build.0 = Debug|Any CPU
		{31A02A89-E924-495C-A990-7A69490A9CCE}.Debug|x86.ActiveCfg = Debug|Any CPU
		{31A02A89-E924-495C-A990-7A69490A9CCE}.Debug|x86.Build.0 = Debug|Any CPU
		{31A02A89-E924-495C-A990-7A69490A9CCE}.Release|Any CPU.ActiveCfg = Release|Any CPU
		{31A02A89-E924-495C-A990-7A69490A9CCE}.Release|Any CPU.Build.0 = Release|Any CPU
		{31A02A89-E924-495C-A990-7A69490A9CCE}.Release|x64.ActiveCfg = Release|Any CPU
		{31A02A89-E924-495C-A990-7A69490A9CCE}.Release|x64.Build.0 = Release|Any CPU
		{31A02A89-E924-495C-A990-7A69490A9CCE}.Release|x86.ActiveCfg = Release|Any CPU
		{31A02A89-E924-495C-A990-7A69490A9CCE}.Release|x86.Build.0 = Release|Any CPU
		{B721EA51-96A8-47C5-9A7F-17271441CCA3}.Debug|Any CPU.ActiveCfg = Debug|Any CPU
		{B721EA51-96A8-47C5-9A7F-17271441CCA3}.Debug|Any CPU.Build.0 = Debug|Any CPU
		{B721EA51-96A8-47C5-9A7F-17271441CCA3}.Debug|x64.ActiveCfg = Debug|Any CPU
		{B721EA51-96A8-47C5-9A7F-17271441CCA3}.Debug|x64.Build.0 = Debug|Any CPU
		{B721EA51-96A8-47C5-9A7F-17271441CCA3}.Debug|x86.ActiveCfg = Debug|Any CPU
		{B721EA51-96A8-47C5-9A7F-17271441CCA3}.Debug|x86.Build.0 = Debug|Any CPU
		{B721EA51-96A8-47C5-9A7F-17271441CCA3}.Release|Any CPU.ActiveCfg = Release|Any CPU
		{B721EA51-96A8-47C5-9A7F-17271441CCA3}.Release|Any CPU.Build.0 = Release|Any CPU
		{B721EA51-96A8-47C5-9A7F-17271441CCA3}.Release|x64.ActiveCfg = Release|Any CPU
		{B721EA51-96A8-47C5-9A7F-17271441CCA3}.Release|x64.Build.0 = Release|Any CPU
		{B721EA51-96A8-47C5-9A7F-17271441CCA3}.Release|x86.ActiveCfg = Release|Any CPU
		{B721EA51-96A8-47C5-9A7F-17271441CCA3}.Release|x86.Build.0 = Release|Any CPU
	EndGlobalSection
	GlobalSection(SolutionProperties) = preSolution
		HideSolutionNode = FALSE
	EndGlobalSection
	GlobalSection(NestedProjects) = preSolution
		{FE34AE8C-2EC0-45D0-AF29-442AF2462484} = {B8EFCA5F-814F-285C-A8CB-F00F14650265}
		{0C896B07-2720-47FE-BA70-F5A15453C227} = {B8EFCA5F-814F-285C-A8CB-F00F14650265}
		{83C357CA-9BC4-44B2-A45B-57D0B8E81A73} = {B8EFCA5F-814F-285C-A8CB-F00F14650265}
		{31A02A89-E924-495C-A990-7A69490A9CCE} = {B8EFCA5F-814F-285C-A8CB-F00F14650265}
		{B721EA51-96A8-47C5-9A7F-17271441CCA3} = {B8EFCA5F-814F-285C-A8CB-F00F14650265}
	EndGlobalSection
EndGlobal
