Microsoft Visual Studio Solution File, Format Version 12.00
# Visual Studio Version 17
VisualStudioVersion = 17.5.2.0
MinimumVisualStudioVersion = 10.0.40219.1
Project("{FAE04EC0-301F-11D3-BF4B-00C04F79EFBC}") = "Bank.API", "Bank.API\Bank.API.csproj", "{611C905C-86E4-B063-1283-7B05A2966CCA}"
EndProject
Project("{FAE04EC0-301F-11D3-BF4B-00C04F79EFBC}") = "Bank.Core", "Bank.Core\Bank.Core.csproj", "{4C8B7B6B-C2F4-92FC-3466-359B39D1BAD7}"
EndProject
Project("{FAE04EC0-301F-11D3-BF4B-00C04F79EFBC}") = "Bank.Domain", "Bank.Domain\Bank.Domain.csproj", "{B910B89E-9441-9832-C076-B1ECECD33449}"
EndProject
Project("{FAE04EC0-301F-11D3-BF4B-00C04F79EFBC}") = "Bank.Infrastructure", "Bank.Infrastructure\Bank.Infrastructure.csproj", "{CF636B41-C3D1-91B1-9EA2-5E62AA810B8D}"
EndProject
Project("{FAE04EC0-301F-11D3-BF4B-00C04F79EFBC}") = "Bank.Services", "Bank.Services\Bank.Services.csproj", "{10BB3B3E-FEA1-C578-93EC-E79BD3B670E0}"
EndProject
Global
	GlobalSection(SolutionConfigurationPlatforms) = preSolution
		Debug|Any CPU = Debug|Any CPU
		Release|Any CPU = Release|Any CPU
	EndGlobalSection
	GlobalSection(ProjectConfigurationPlatforms) = postSolution
		{611C905C-86E4-B063-1283-7B05A2966CCA}.Debug|Any CPU.ActiveCfg = Debug|Any CPU
		{611C905C-86E4-B063-1283-7B05A2966CCA}.Debug|Any CPU.Build.0 = Debug|Any CPU
		{611C905C-86E4-B063-1283-7B05A2966CCA}.Release|Any CPU.ActiveCfg = Release|Any CPU
		{611C905C-86E4-B063-1283-7B05A2966CCA}.Release|Any CPU.Build.0 = Release|Any CPU
		{4C8B7B6B-C2F4-92FC-3466-359B39D1BAD7}.Debug|Any CPU.ActiveCfg = Debug|Any CPU
		{4C8B7B6B-C2F4-92FC-3466-359B39D1BAD7}.Debug|Any CPU.Build.0 = Debug|Any CPU
		{4C8B7B6B-C2F4-92FC-3466-359B39D1BAD7}.Release|Any CPU.ActiveCfg = Release|Any CPU
		{4C8B7B6B-C2F4-92FC-3466-359B39D1BAD7}.Release|Any CPU.Build.0 = Release|Any CPU
		{B910B89E-9441-9832-C076-B1ECECD33449}.Debug|Any CPU.ActiveCfg = Debug|Any CPU
		{B910B89E-9441-9832-C076-B1ECECD33449}.Debug|Any CPU.Build.0 = Debug|Any CPU
		{B910B89E-9441-9832-C076-B1ECECD33449}.Release|Any CPU.ActiveCfg = Release|Any CPU
		{B910B89E-9441-9832-C076-B1ECECD33449}.Release|Any CPU.Build.0 = Release|Any CPU
		{CF636B41-C3D1-91B1-9EA2-5E62AA810B8D}.Debug|Any CPU.ActiveCfg = Debug|Any CPU
		{CF636B41-C3D1-91B1-9EA2-5E62AA810B8D}.Debug|Any CPU.Build.0 = Debug|Any CPU
		{CF636B41-C3D1-91B1-9EA2-5E62AA810B8D}.Release|Any CPU.ActiveCfg = Release|Any CPU
		{CF636B41-C3D1-91B1-9EA2-5E62AA810B8D}.Release|Any CPU.Build.0 = Release|Any CPU
		{10BB3B3E-FEA1-C578-93EC-E79BD3B670E0}.Debug|Any CPU.ActiveCfg = Debug|Any CPU
		{10BB3B3E-FEA1-C578-93EC-E79BD3B670E0}.Debug|Any CPU.Build.0 = Debug|Any CPU
		{10BB3B3E-FEA1-C578-93EC-E79BD3B670E0}.Release|Any CPU.ActiveCfg = Release|Any CPU
		{10BB3B3E-FEA1-C578-93EC-E79BD3B670E0}.Release|Any CPU.Build.0 = Release|Any CPU
	EndGlobalSection
	GlobalSection(SolutionProperties) = preSolution
		HideSolutionNode = FALSE
	EndGlobalSection
	GlobalSection(ExtensibilityGlobals) = postSolution
		SolutionGuid = {139C2655-2652-4B07-949B-BF0C894F1A8C}
	EndGlobalSection
EndGlobal
